
Microsoft Visual Studio Solution File, Format Version 12.00
# Visual Studio Version 16
VisualStudioVersion = 16.0.29025.244
MinimumVisualStudioVersion = 10.0.40219.1
Project("{9092AA53-FB77-4645-B42D-1CCCA6BD08BD}") = "RoadRules", "RoadRules.njsproj", "{A23210BE-D19B-4E28-A1D6-7E7B4064E147}"
EndProject
Global
	GlobalSection(SolutionConfigurationPlatforms) = preSolution
		Debug|Any CPU = Debug|Any CPU
		Release|Any CPU = Release|Any CPU
	EndGlobalSection
	GlobalSection(ProjectConfigurationPlatforms) = postSolution
		{A23210BE-D19B-4E28-A1D6-7E7B4064E147}.Debug|Any CPU.ActiveCfg = Debug|Any CPU
		{A23210BE-D19B-4E28-A1D6-7E7B4064E147}.Debug|Any CPU.Build.0 = Debug|Any CPU
		{A23210BE-D19B-4E28-A1D6-7E7B4064E147}.Release|Any CPU.ActiveCfg = Release|Any CPU
		{A23210BE-D19B-4E28-A1D6-7E7B4064E147}.Release|Any CPU.Build.0 = Release|Any CPU
	EndGlobalSection
	GlobalSection(SolutionProperties) = preSolution
		HideSolutionNode = FALSE
	EndGlobalSection
	GlobalSection(ExtensibilityGlobals) = postSolution
		SolutionGuid = {06BE135D-37CC-43EB-AB41-C9066DD2D730}
	EndGlobalSection
EndGlobal
